
Microsoft Visual Studio Solution File, Format Version 12.00
# Visual Studio Version 16
VisualStudioVersion = 16.0.29001.49
MinimumVisualStudioVersion = 10.0.40219.1
Project("{FAE04EC0-301F-11D3-BF4B-00C04F79EFBC}") = "WindowsFormsApp37", "WindowsFormsApp37\WindowsFormsApp37.csproj", "{638AF238-B1EB-434C-B90F-B9A5BBA41BBF}"
EndProject
Global
	GlobalSection(SolutionConfigurationPlatforms) = preSolution
		Debug|Any CPU = Debug|Any CPU
		Release|Any CPU = Release|Any CPU
	EndGlobalSection
	GlobalSection(ProjectConfigurationPlatforms) = postSolution
		{638AF238-B1EB-434C-B90F-B9A5BBA41BBF}.Debug|Any CPU.ActiveCfg = Debug|Any CPU
		{638AF238-B1EB-434C-B90F-B9A5BBA41BBF}.Debug|Any CPU.Build.0 = Debug|Any CPU
		{638AF238-B1EB-434C-B90F-B9A5BBA41BBF}.Release|Any CPU.ActiveCfg = Release|Any CPU
		{638AF238-B1EB-434C-B90F-B9A5BBA41BBF}.Release|Any CPU.Build.0 = Release|Any CPU
	EndGlobalSection
	GlobalSection(SolutionProperties) = preSolution
		HideSolutionNode = FALSE
	EndGlobalSection
	GlobalSection(ExtensibilityGlobals) = postSolution
		SolutionGuid = {04D1ED4A-F48A-45F6-A70D-10671CCB516E}
	EndGlobalSection
EndGlobal
